
Microsoft Visual Studio Solution File, Format Version 12.00
# Visual Studio Version 17
VisualStudioVersion = 17.9.34723.18
MinimumVisualStudioVersion = 10.0.40219.1
Project("{FAE04EC0-301F-11D3-BF4B-00C04F79EFBC}") = "DemoRESTWS", "DemoRESTWS\DemoRESTWS.csproj", "{40554426-0102-4A98-BADD-4D8425E72827}"
EndProject
Global
	GlobalSection(SolutionConfigurationPlatforms) = preSolution
		Debug|Any CPU = Debug|Any CPU
		Release|Any CPU = Release|Any CPU
	EndGlobalSection
	GlobalSection(ProjectConfigurationPlatforms) = postSolution
		{40554426-0102-4A98-BADD-4D8425E72827}.Debug|Any CPU.ActiveCfg = Debug|Any CPU
		{40554426-0102-4A98-BADD-4D8425E72827}.Debug|Any CPU.Build.0 = Debug|Any CPU
		{40554426-0102-4A98-BADD-4D8425E72827}.Release|Any CPU.ActiveCfg = Release|Any CPU
		{40554426-0102-4A98-BADD-4D8425E72827}.Release|Any CPU.Build.0 = Release|Any CPU
	EndGlobalSection
	GlobalSection(SolutionProperties) = preSolution
		HideSolutionNode = FALSE
	EndGlobalSection
	GlobalSection(ExtensibilityGlobals) = postSolution
		SolutionGuid = {A9CAD1B9-4DD4-4B32-8FA2-2BBAEBB558B7}
	EndGlobalSection
EndGlobal
